
Microsoft Visual Studio Solution File, Format Version 12.00
# Visual Studio Version 16
VisualStudioVersion = 16.0.810.17
MinimumVisualStudioVersion = 10.0.40219.1
Project("{FAE04EC0-301F-11D3-BF4B-00C04F79EFBC}") = "ShiiftAutomotiveAPI", "ShiiftAutomotiveAPI\ShiiftAutomotiveAPI.csproj", "{2029302E-3860-4A88-BDD6-EA8B87A960CC}"
EndProject
Global
	GlobalSection(SolutionConfigurationPlatforms) = preSolution
		Debug|Any CPU = Debug|Any CPU
		Release|Any CPU = Release|Any CPU
	EndGlobalSection
	GlobalSection(ProjectConfigurationPlatforms) = postSolution
		{2029302E-3860-4A88-BDD6-EA8B87A960CC}.Debug|Any CPU.ActiveCfg = Debug|Any CPU
		{2029302E-3860-4A88-BDD6-EA8B87A960CC}.Debug|Any CPU.Build.0 = Debug|Any CPU
		{2029302E-3860-4A88-BDD6-EA8B87A960CC}.Release|Any CPU.ActiveCfg = Release|Any CPU
		{2029302E-3860-4A88-BDD6-EA8B87A960CC}.Release|Any CPU.Build.0 = Release|Any CPU
	EndGlobalSection
	GlobalSection(SolutionProperties) = preSolution
		HideSolutionNode = FALSE
	EndGlobalSection
	GlobalSection(ExtensibilityGlobals) = postSolution
		SolutionGuid = {EB587C85-A1F9-449E-AE49-EC9887C1846F}
	EndGlobalSection
EndGlobal
